
Microsoft Visual Studio Solution File, Format Version 12.00
# Visual Studio Version 17
VisualStudioVersion = 17.5.33530.505
MinimumVisualStudioVersion = 10.0.40219.1
Project("{FAE04EC0-301F-11D3-BF4B-00C04F79EFBC}") = "MeDicHome", "MeDicHome.csproj", "{751C8E38-4230-436D-BC59-43448A8D185B}"
EndProject
Global
	GlobalSection(SolutionConfigurationPlatforms) = preSolution
		Debug|Any CPU = Debug|Any CPU
		Release|Any CPU = Release|Any CPU
	EndGlobalSection
	GlobalSection(ProjectConfigurationPlatforms) = postSolution
		{751C8E38-4230-436D-BC59-43448A8D185B}.Debug|Any CPU.ActiveCfg = Debug|Any CPU
		{751C8E38-4230-436D-BC59-43448A8D185B}.Debug|Any CPU.Build.0 = Debug|Any CPU
		{751C8E38-4230-436D-BC59-43448A8D185B}.Release|Any CPU.ActiveCfg = Release|Any CPU
		{751C8E38-4230-436D-BC59-43448A8D185B}.Release|Any CPU.Build.0 = Release|Any CPU
	EndGlobalSection
	GlobalSection(SolutionProperties) = preSolution
		HideSolutionNode = FALSE
	EndGlobalSection
	GlobalSection(ExtensibilityGlobals) = postSolution
		SolutionGuid = {A85C9371-185B-416C-BA40-B518260D929B}
	EndGlobalSection
EndGlobal
